
Microsoft Visual Studio Solution File, Format Version 12.00
# Visual Studio Version 17
VisualStudioVersion = 17.12.35514.174
MinimumVisualStudioVersion = 10.0.40219.1
Project("{2150E333-8FDC-42A3-9474-1A3956D46DE8}") = "Task0", "Task0", "{47C4B411-5EB1-4CDF-B066-C9DF2645EF44}"
EndProject
Project("{FAE04EC0-301F-11D3-BF4B-00C04F79EFBC}") = "Tyuiu.SosninFM.Sprint5.Task0.V4", "Tyuiu.SosninFM.Sprint5.Task0.V4\Tyuiu.SosninFM.Sprint5.Task0.V4.csproj", "{A3A214A1-B1D5-43C1-B3F1-D78FA0348200}"
EndProject
Project("{FAE04EC0-301F-11D3-BF4B-00C04F79EFBC}") = "Tyuiu.SosninFM.Sprint5.Task0.V4.Lib", "Tyuiu.SosninFM.Sprint5.Task0.V4.Lib\Tyuiu.SosninFM.Sprint5.Task0.V4.Lib.csproj", "{7145940E-8024-400A-B9BD-B3FF325A94D6}"
EndProject
Project("{FAE04EC0-301F-11D3-BF4B-00C04F79EFBC}") = "Tyuiu.SosninFM.Sprint5.Task0.V4.Test", "Tyuiu.SosninFM.Sprint5.Task0.V4.Test\Tyuiu.SosninFM.Sprint5.Task0.V4.Test.csproj", "{44F7BF9A-CA98-4CD4-8411-8C97E7A70FF9}"
EndProject
Project("{2150E333-8FDC-42A3-9474-1A3956D46DE8}") = "Task1", "Task1", "{A2730382-B842-42E0-8EBC-D639B274D290}"
EndProject
Project("{FAE04EC0-301F-11D3-BF4B-00C04F79EFBC}") = "Tyuiu.SosninFM.Sprint5.Task1.V20.Test", "Tyuiu.SosninFM.Sprint5.Task1.V20.Test\Tyuiu.SosninFM.Sprint5.Task1.V20.Test.csproj", "{C63B15EF-EC69-4D45-BAC5-1F483B02B361}"
EndProject
Project("{FAE04EC0-301F-11D3-BF4B-00C04F79EFBC}") = "Tyuiu.SosninFM.Sprint5.Task1.V20.Lib", "Tyuiu.SosninFM.Sprint5.Task1.V20.Lib\Tyuiu.SosninFM.Sprint5.Task1.V20.Lib.csproj", "{7A179D00-C0A1-4329-9A61-FA11A2B49DF3}"
EndProject
Project("{FAE04EC0-301F-11D3-BF4B-00C04F79EFBC}") = "Tyuiu.SosninFM.Sprint5.Task1.V20", "Tyuiu.SosninFM.Sprint5.Task1.V20\Tyuiu.SosninFM.Sprint5.Task1.V20.csproj", "{32B09D5E-EC0D-4850-B9C3-A79113AAAB5D}"
EndProject
Project("{2150E333-8FDC-42A3-9474-1A3956D46DE8}") = "Task2", "Task2", "{85495700-8C1C-44E0-A842-84263C1D52A8}"
EndProject
Project("{FAE04EC0-301F-11D3-BF4B-00C04F79EFBC}") = "Tyuiu.SosninFM.Sprint5.Task2.V27", "Tyuiu.SosninFM.Sprint5.Task2.V27\Tyuiu.SosninFM.Sprint5.Task2.V27.csproj", "{58912EF9-2870-45C1-8173-A18638225955}"
EndProject
Project("{FAE04EC0-301F-11D3-BF4B-00C04F79EFBC}") = "Tyuiu.SosninFM.Sprint5.Task2.V27.Lib", "Tyuiu.SosninFM.Sprint5.Task2.V27.Lib\Tyuiu.SosninFM.Sprint5.Task2.V27.Lib.csproj", "{01640D39-BB81-472E-88DB-F1F76F87FF47}"
EndProject
Project("{FAE04EC0-301F-11D3-BF4B-00C04F79EFBC}") = "Tyuiu.SosninFM.Sprint5.Task2.V27.Test", "Tyuiu.SosninFM.Sprint5.Task2.V27.Test\Tyuiu.SosninFM.Sprint5.Task2.V27.Test.csproj", "{394733CA-6F5F-491A-BA44-7AF9307D5FFD}"
EndProject
Project("{2150E333-8FDC-42A3-9474-1A3956D46DE8}") = "Task3", "Task3", "{48284844-478E-4BB1-8F8C-6D36DB2E610A}"
EndProject
Project("{FAE04EC0-301F-11D3-BF4B-00C04F79EFBC}") = "Tyuiu.SosninFM.Sprint5.Task3.V7.Test", "Tyuiu.SosninFM.Sprint5.Task3.V7.Test\Tyuiu.SosninFM.Sprint5.Task3.V7.Test.csproj", "{3D2EB0DA-9258-4944-BA3D-9BEFE70E5436}"
EndProject
Project("{FAE04EC0-301F-11D3-BF4B-00C04F79EFBC}") = "Tyuiu.SosninFM.Sprint5.Task3.V7.Lib", "Tyuiu.SosninFM.Sprint5.Task3.V7.Lib\Tyuiu.SosninFM.Sprint5.Task3.V7.Lib.csproj", "{3FCF3477-4E4D-43E9-A3A4-1369EEC946C1}"
EndProject
Project("{FAE04EC0-301F-11D3-BF4B-00C04F79EFBC}") = "Tyuiu.SosninFM.Sprint5.Task3.V7", "Tyuiu.SosninFM.Sprint5.Task3.V7\Tyuiu.SosninFM.Sprint5.Task3.V7.csproj", "{287E4856-CFC1-4C9C-B105-AAB2D24B9307}"
EndProject
Project("{2150E333-8FDC-42A3-9474-1A3956D46DE8}") = "Task4", "Task4", "{72A5311A-54A3-48F2-96D9-6AEE8E14F78D}"
EndProject
Project("{FAE04EC0-301F-11D3-BF4B-00C04F79EFBC}") = "Tyuiu.SosninFM.Sprint5.Task4.V8", "Tyuiu.SosninFM.Sprint5.Task4.V8\Tyuiu.SosninFM.Sprint5.Task4.V8.csproj", "{335DC296-A5BC-4362-84A5-1A77EEDC5F55}"
EndProject
Project("{FAE04EC0-301F-11D3-BF4B-00C04F79EFBC}") = "Tyuiu.SosninFM.Sprint5.Task4.V8.Lib", "Tyuiu.SosninFM.Sprint5.Task4.V8.Lib\Tyuiu.SosninFM.Sprint5.Task4.V8.Lib.csproj", "{8A1B89DA-D38A-4AE5-A48D-A783368E878B}"
EndProject
Project("{FAE04EC0-301F-11D3-BF4B-00C04F79EFBC}") = "Tyuiu.SosninFM.Sprint5.Task4.V8.Test", "Tyuiu.SosninFM.Sprint5.Task4.V8.Test\Tyuiu.SosninFM.Sprint5.Task4.V8.Test.csproj", "{33A66ADA-F0A8-40FB-B46E-8BBE659FEB4F}"
EndProject
Project("{2150E333-8FDC-42A3-9474-1A3956D46DE8}") = "Task5", "Task5", "{F1614AE4-B610-4DE9-BA96-C37788D75166}"
EndProject
Project("{FAE04EC0-301F-11D3-BF4B-00C04F79EFBC}") = "Tyuiu.SosninFM.Sprint5.Task5.V28.Test", "Tyuiu.SosninFM.Sprint5.Task5.V28.Test\Tyuiu.SosninFM.Sprint5.Task5.V28.Test.csproj", "{F8B21148-074D-4520-A43F-D1F1C1456CC8}"
EndProject
Project("{FAE04EC0-301F-11D3-BF4B-00C04F79EFBC}") = "Tyuiu.SosninFM.Sprint5.Task5.V28.Lib", "Tyuiu.SosninFM.Sprint5.Task5.V28.Lib\Tyuiu.SosninFM.Sprint5.Task5.V28.Lib.csproj", "{F17A6BFB-2997-4DAE-B97E-DD43415F22D2}"
EndProject
Project("{FAE04EC0-301F-11D3-BF4B-00C04F79EFBC}") = "Tyuiu.SosninFM.Sprint5.Task5.V28", "Tyuiu.SosninFM.Sprint5.Task5.V28\Tyuiu.SosninFM.Sprint5.Task5.V28.csproj", "{4ECC6DFA-05AA-4C7A-8CC4-E7C682470A2C}"
EndProject
Global
	GlobalSection(SolutionConfigurationPlatforms) = preSolution
		Debug|Any CPU = Debug|Any CPU
		Release|Any CPU = Release|Any CPU
	EndGlobalSection
	GlobalSection(ProjectConfigurationPlatforms) = postSolution
		{A3A214A1-B1D5-43C1-B3F1-D78FA0348200}.Debug|Any CPU.ActiveCfg = Debug|Any CPU
		{A3A214A1-B1D5-43C1-B3F1-D78FA0348200}.Debug|Any CPU.Build.0 = Debug|Any CPU
		{A3A214A1-B1D5-43C1-B3F1-D78FA0348200}.Release|Any CPU.ActiveCfg = Release|Any CPU
		{A3A214A1-B1D5-43C1-B3F1-D78FA0348200}.Release|Any CPU.Build.0 = Release|Any CPU
		{7145940E-8024-400A-B9BD-B3FF325A94D6}.Debug|Any CPU.ActiveCfg = Debug|Any CPU
		{7145940E-8024-400A-B9BD-B3FF325A94D6}.Debug|Any CPU.Build.0 = Debug|Any CPU
		{7145940E-8024-400A-B9BD-B3FF325A94D6}.Release|Any CPU.ActiveCfg = Release|Any CPU
		{7145940E-8024-400A-B9BD-B3FF325A94D6}.Release|Any CPU.Build.0 = Release|Any CPU
		{44F7BF9A-CA98-4CD4-8411-8C97E7A70FF9}.Debug|Any CPU.ActiveCfg = Debug|Any CPU
		{44F7BF9A-CA98-4CD4-8411-8C97E7A70FF9}.Debug|Any CPU.Build.0 = Debug|Any CPU
		{44F7BF9A-CA98-4CD4-8411-8C97E7A70FF9}.Release|Any CPU.ActiveCfg = Release|Any CPU
		{44F7BF9A-CA98-4CD4-8411-8C97E7A70FF9}.Release|Any CPU.Build.0 = Release|Any CPU
		{C63B15EF-EC69-4D45-BAC5-1F483B02B361}.Debug|Any CPU.ActiveCfg = Debug|Any CPU
		{C63B15EF-EC69-4D45-BAC5-1F483B02B361}.Debug|Any CPU.Build.0 = Debug|Any CPU
		{C63B15EF-EC69-4D45-BAC5-1F483B02B361}.Release|Any CPU.ActiveCfg = Release|Any CPU
		{C63B15EF-EC69-4D45-BAC5-1F483B02B361}.Release|Any CPU.Build.0 = Release|Any CPU
		{7A179D00-C0A1-4329-9A61-FA11A2B49DF3}.Debug|Any CPU.ActiveCfg = Debug|Any CPU
		{7A179D00-C0A1-4329-9A61-FA11A2B49DF3}.Debug|Any CPU.Build.0 = Debug|Any CPU
		{7A179D00-C0A1-4329-9A61-FA11A2B49DF3}.Release|Any CPU.ActiveCfg = Release|Any CPU
		{7A179D00-C0A1-4329-9A61-FA11A2B49DF3}.Release|Any CPU.Build.0 = Release|Any CPU
		{32B09D5E-EC0D-4850-B9C3-A79113AAAB5D}.Debug|Any CPU.ActiveCfg = Debug|Any CPU
		{32B09D5E-EC0D-4850-B9C3-A79113AAAB5D}.Debug|Any CPU.Build.0 = Debug|Any CPU
		{32B09D5E-EC0D-4850-B9C3-A79113AAAB5D}.Release|Any CPU.ActiveCfg = Release|Any CPU
		{32B09D5E-EC0D-4850-B9C3-A79113AAAB5D}.Release|Any CPU.Build.0 = Release|Any CPU
		{58912EF9-2870-45C1-8173-A18638225955}.Debug|Any CPU.ActiveCfg = Debug|Any CPU
		{58912EF9-2870-45C1-8173-A18638225955}.Debug|Any CPU.Build.0 = Debug|Any CPU
		{58912EF9-2870-45C1-8173-A18638225955}.Release|Any CPU.ActiveCfg = Release|Any CPU
		{58912EF9-2870-45C1-8173-A18638225955}.Release|Any CPU.Build.0 = Release|Any CPU
		{01640D39-BB81-472E-88DB-F1F76F87FF47}.Debug|Any CPU.ActiveCfg = Debug|Any CPU
		{01640D39-BB81-472E-88DB-F1F76F87FF47}.Debug|Any CPU.Build.0 = Debug|Any CPU
		{01640D39-BB81-472E-88DB-F1F76F87FF47}.Release|Any CPU.ActiveCfg = Release|Any CPU
		{01640D39-BB81-472E-88DB-F1F76F87FF47}.Release|Any CPU.Build.0 = Release|Any CPU
		{394733CA-6F5F-491A-BA44-7AF9307D5FFD}.Debug|Any CPU.ActiveCfg = Debug|Any CPU
		{394733CA-6F5F-491A-BA44-7AF9307D5FFD}.Debug|Any CPU.Build.0 = Debug|Any CPU
		{394733CA-6F5F-491A-BA44-7AF9307D5FFD}.Release|Any CPU.ActiveCfg = Release|Any CPU
		{394733CA-6F5F-491A-BA44-7AF9307D5FFD}.Release|Any CPU.Build.0 = Release|Any CPU
		{3D2EB0DA-9258-4944-BA3D-9BEFE70E5436}.Debug|Any CPU.ActiveCfg = Debug|Any CPU
		{3D2EB0DA-9258-4944-BA3D-9BEFE70E5436}.Debug|Any CPU.Build.0 = Debug|Any CPU
		{3D2EB0DA-9258-4944-BA3D-9BEFE70E5436}.Release|Any CPU.ActiveCfg = Release|Any CPU
		{3D2EB0DA-9258-4944-BA3D-9BEFE70E5436}.Release|Any CPU.Build.0 = Release|Any CPU
		{3FCF3477-4E4D-43E9-A3A4-1369EEC946C1}.Debug|Any CPU.ActiveCfg = Debug|Any CPU
		{3FCF3477-4E4D-43E9-A3A4-1369EEC946C1}.Debug|Any CPU.Build.0 = Debug|Any CPU
		{3FCF3477-4E4D-43E9-A3A4-1369EEC946C1}.Release|Any CPU.ActiveCfg = Release|Any CPU
		{3FCF3477-4E4D-43E9-A3A4-1369EEC946C1}.Release|Any CPU.Build.0 = Release|Any CPU
		{287E4856-CFC1-4C9C-B105-AAB2D24B9307}.Debug|Any CPU.ActiveCfg = Debug|Any CPU
		{287E4856-CFC1-4C9C-B105-AAB2D24B9307}.Debug|Any CPU.Build.0 = Debug|Any CPU
		{287E4856-CFC1-4C9C-B105-AAB2D24B9307}.Release|Any CPU.ActiveCfg = Release|Any CPU
		{287E4856-CFC1-4C9C-B105-AAB2D24B9307}.Release|Any CPU.Build.0 = Release|Any CPU
		{335DC296-A5BC-4362-84A5-1A77EEDC5F55}.Debug|Any CPU.ActiveCfg = Debug|Any CPU
		{335DC296-A5BC-4362-84A5-1A77EEDC5F55}.Debug|Any CPU.Build.0 = Debug|Any CPU
		{335DC296-A5BC-4362-84A5-1A77EEDC5F55}.Release|Any CPU.ActiveCfg = Release|Any CPU
		{335DC296-A5BC-4362-84A5-1A77EEDC5F55}.Release|Any CPU.Build.0 = Release|Any CPU
		{8A1B89DA-D38A-4AE5-A48D-A783368E878B}.Debug|Any CPU.ActiveCfg = Debug|Any CPU
		{8A1B89DA-D38A-4AE5-A48D-A783368E878B}.Debug|Any CPU.Build.0 = Debug|Any CPU
		{8A1B89DA-D38A-4AE5-A48D-A783368E878B}.Release|Any CPU.ActiveCfg = Release|Any CPU
		{8A1B89DA-D38A-4AE5-A48D-A783368E878B}.Release|Any CPU.Build.0 = Release|Any CPU
		{33A66ADA-F0A8-40FB-B46E-8BBE659FEB4F}.Debug|Any CPU.ActiveCfg = Debug|Any CPU
		{33A66ADA-F0A8-40FB-B46E-8BBE659FEB4F}.Debug|Any CPU.Build.0 = Debug|Any CPU
		{33A66ADA-F0A8-40FB-B46E-8BBE659FEB4F}.Release|Any CPU.ActiveCfg = Release|Any CPU
		{33A66ADA-F0A8-40FB-B46E-8BBE659FEB4F}.Release|Any CPU.Build.0 = Release|Any CPU
		{F8B21148-074D-4520-A43F-D1F1C1456CC8}.Debug|Any CPU.ActiveCfg = Debug|Any CPU
		{F8B21148-074D-4520-A43F-D1F1C1456CC8}.Debug|Any CPU.Build.0 = Debug|Any CPU
		{F8B21148-074D-4520-A43F-D1F1C1456CC8}.Release|Any CPU.ActiveCfg = Release|Any CPU
		{F8B21148-074D-4520-A43F-D1F1C1456CC8}.Release|Any CPU.Build.0 = Release|Any CPU
		{F17A6BFB-2997-4DAE-B97E-DD43415F22D2}.Debug|Any CPU.ActiveCfg = Debug|Any CPU
		{F17A6BFB-2997-4DAE-B97E-DD43415F22D2}.Debug|Any CPU.Build.0 = Debug|Any CPU
		{F17A6BFB-2997-4DAE-B97E-DD43415F22D2}.Release|Any CPU.ActiveCfg = Release|Any CPU
		{F17A6BFB-2997-4DAE-B97E-DD43415F22D2}.Release|Any CPU.Build.0 = Release|Any CPU
		{4ECC6DFA-05AA-4C7A-8CC4-E7C682470A2C}.Debug|Any CPU.ActiveCfg = Debug|Any CPU
		{4ECC6DFA-05AA-4C7A-8CC4-E7C682470A2C}.Debug|Any CPU.Build.0 = Debug|Any CPU
		{4ECC6DFA-05AA-4C7A-8CC4-E7C682470A2C}.Release|Any CPU.ActiveCfg = Release|Any CPU
		{4ECC6DFA-05AA-4C7A-8CC4-E7C682470A2C}.Release|Any CPU.Build.0 = Release|Any CPU
	EndGlobalSection
	GlobalSection(SolutionProperties) = preSolution
		HideSolutionNode = FALSE
	EndGlobalSection
	GlobalSection(NestedProjects) = preSolution
		{A3A214A1-B1D5-43C1-B3F1-D78FA0348200} = {47C4B411-5EB1-4CDF-B066-C9DF2645EF44}
		{7145940E-8024-400A-B9BD-B3FF325A94D6} = {47C4B411-5EB1-4CDF-B066-C9DF2645EF44}
		{44F7BF9A-CA98-4CD4-8411-8C97E7A70FF9} = {47C4B411-5EB1-4CDF-B066-C9DF2645EF44}
		{C63B15EF-EC69-4D45-BAC5-1F483B02B361} = {A2730382-B842-42E0-8EBC-D639B274D290}
		{7A179D00-C0A1-4329-9A61-FA11A2B49DF3} = {A2730382-B842-42E0-8EBC-D639B274D290}
		{32B09D5E-EC0D-4850-B9C3-A79113AAAB5D} = {A2730382-B842-42E0-8EBC-D639B274D290}
		{58912EF9-2870-45C1-8173-A18638225955} = {85495700-8C1C-44E0-A842-84263C1D52A8}
		{01640D39-BB81-472E-88DB-F1F76F87FF47} = {85495700-8C1C-44E0-A842-84263C1D52A8}
		{394733CA-6F5F-491A-BA44-7AF9307D5FFD} = {85495700-8C1C-44E0-A842-84263C1D52A8}
		{3D2EB0DA-9258-4944-BA3D-9BEFE70E5436} = {48284844-478E-4BB1-8F8C-6D36DB2E610A}
		{3FCF3477-4E4D-43E9-A3A4-1369EEC946C1} = {48284844-478E-4BB1-8F8C-6D36DB2E610A}
		{287E4856-CFC1-4C9C-B105-AAB2D24B9307} = {48284844-478E-4BB1-8F8C-6D36DB2E610A}
		{335DC296-A5BC-4362-84A5-1A77EEDC5F55} = {72A5311A-54A3-48F2-96D9-6AEE8E14F78D}
		{8A1B89DA-D38A-4AE5-A48D-A783368E878B} = {72A5311A-54A3-48F2-96D9-6AEE8E14F78D}
		{33A66ADA-F0A8-40FB-B46E-8BBE659FEB4F} = {72A5311A-54A3-48F2-96D9-6AEE8E14F78D}
		{F8B21148-074D-4520-A43F-D1F1C1456CC8} = {F1614AE4-B610-4DE9-BA96-C37788D75166}
		{F17A6BFB-2997-4DAE-B97E-DD43415F22D2} = {F1614AE4-B610-4DE9-BA96-C37788D75166}
		{4ECC6DFA-05AA-4C7A-8CC4-E7C682470A2C} = {F1614AE4-B610-4DE9-BA96-C37788D75166}
	EndGlobalSection
EndGlobal
